// !$*UTF8*$!
{
	archiveVersion = 1;
	classes = {
	};
	objectVersion = 77;
	objects = {

/* Begin PBXContainerItemProxy section */
		06C9A4412D9C7CE3004CDDA4 /* PBXContainerItemProxy */ = {
			isa = PBXContainerItemProxy;
			containerPortal = 06C9A4232D9C7CE0004CDDA4 /* Project object */;
			proxyType = 1;
			remoteGlobalIDString = 06C9A42A2D9C7CE0004CDDA4;
			remoteInfo = EnPathOS;
		};
		06C9A44B2D9C7CE3004CDDA4 /* PBXContainerItemProxy */ = {
			isa = PBXContainerItemProxy;
			containerPortal = 06C9A4232D9C7CE0004CDDA4 /* Project object */;
			proxyType = 1;
			remoteGlobalIDString = 06C9A42A2D9C7CE0004CDDA4;
			remoteInfo = EnPathOS;
		};
/* End PBXContainerItemProxy section */

/* Begin PBXFileReference section */
		06C9A42B2D9C7CE0004CDDA4 /* EnPathOS.app */ = {isa = PBXFileReference; explicitFileType = wrapper.application; includeInIndex = 0; path = EnPathOS.app; sourceTree = BUILT_PRODUCTS_DIR; };
		06C9A4402D9C7CE3004CDDA4 /* EnPathOSTests.xctest */ = {isa = PBXFileReference; explicitFileType = wrapper.cfbundle; includeInIndex = 0; path = EnPathOSTests.xctest; sourceTree = BUILT_PRODUCTS_DIR; };
		06C9A44A2D9C7CE3004CDDA4 /* EnPathOSUITests.xctest */ = {isa = PBXFileReference; explicitFileType = wrapper.cfbundle; includeInIndex = 0; path = EnPathOSUITests.xctest; sourceTree = BUILT_PRODUCTS_DIR; };
/* End PBXFileReference section */

/* Begin PBXFileSystemSynchronizedRootGroup section */
		06C9A42D2D9C7CE0004CDDA4 /* EnPathOS */ = {
			isa = PBXFileSystemSynchronizedRootGroup;
			path = EnPathOS;
			sourceTree = "<group>";
		};
		06C9A4432D9C7CE3004CDDA4 /* EnPathOSTests */ = {
			isa = PBXFileSystemSynchronizedRootGroup;
			path = EnPathOSTests;
			sourceTree = "<group>";
		};
		06C9A44D2D9C7CE3004CDDA4 /* EnPathOSUITests */ = {
			isa = PBXFileSystemSynchronizedRootGroup;
			path = EnPathOSUITests;
			sourceTree = "<group>";
		};
/* End PBXFileSystemSynchronizedRootGroup section */

/* Begin PBXFrameworksBuildPhase section */
		06C9A4282D9C7CE0004CDDA4 /* Frameworks */ = {
			isa = PBXFrameworksBuildPhase;
			buildActionMask = 2147483647;
			files = (
			);
			runOnlyForDeploymentPostprocessing = 0;
		};
		06C9A43D2D9C7CE3004CDDA4 /* Frameworks */ = {
			isa = PBXFrameworksBuildPhase;
			buildActionMask = 2147483647;
			files = (
			);
			runOnlyForDeploymentPostprocessing = 0;
		};
		06C9A4472D9C7CE3004CDDA4 /* Frameworks */ = {
			isa = PBXFrameworksBuildPhase;
			buildActionMask = 2147483647;
			files = (
			);
			runOnlyForDeploymentPostprocessing = 0;
		};
/* End PBXFrameworksBuildPhase section */

/* Begin PBXGroup section */
		06C9A4222D9C7CE0004CDDA4 = {
			isa = PBXGroup;
			children = (
				06C9A42D2D9C7CE0004CDDA4 /* EnPathOS */,
				06C9A4432D9C7CE3004CDDA4 /* EnPathOSTests */,
				06C9A44D2D9C7CE3004CDDA4 /* EnPathOSUITests */,
				06C9A42C2D9C7CE0004CDDA4 /* Products */,
			);
			sourceTree = "<group>";
		};
		06C9A42C2D9C7CE0004CDDA4 /* Products */ = {
			isa = PBXGroup;
			children = (
				06C9A42B2D9C7CE0004CDDA4 /* EnPathOS.app */,
				06C9A4402D9C7CE3004CDDA4 /* EnPathOSTests.xctest */,
				06C9A44A2D9C7CE3004CDDA4 /* EnPathOSUITests.xctest */,
			);
			name = Products;
			sourceTree = "<group>";
		};
/* End PBXGroup section */

/* Begin PBXNativeTarget section */
		06C9A42A2D9C7CE0004CDDA4 /* EnPathOS */ = {
			isa = PBXNativeTarget;
			buildConfigurationList = 06C9A4542D9C7CE3004CDDA4 /* Build configuration list for PBXNativeTarget "EnPathOS" */;
			buildPhases = (
				06C9A4272D9C7CE0004CDDA4 /* Sources */,
				06C9A4282D9C7CE0004CDDA4 /* Frameworks */,
				06C9A4292D9C7CE0004CDDA4 /* Resources */,
			);
			buildRules = (
			);
			dependencies = (
			);
			fileSystemSynchronizedGroups = (
				06C9A42D2D9C7CE0004CDDA4 /* EnPathOS */,
			);
			name = EnPathOS;
			packageProductDependencies = (
			);
			productName = EnPathOS;
			productReference = 06C9A42B2D9C7CE0004CDDA4 /* EnPathOS.app */;
			productType = "com.apple.product-type.application";
		};
		06C9A43F2D9C7CE3004CDDA4 /* EnPathOSTests */ = {
			isa = PBXNativeTarget;
			buildConfigurationList = 06C9A4572D9C7CE3004CDDA4 /* Build configuration list for PBXNativeTarget "EnPathOSTests" */;
			buildPhases = (
				06C9A43C2D9C7CE3004CDDA4 /* Sources */,
				06C9A43D2D9C7CE3004CDDA4 /* Frameworks */,
				06C9A43E2D9C7CE3004CDDA4 /* Resources */,
			);
			buildRules = (
			);
			dependencies = (
				06C9A4422D9C7CE3004CDDA4 /* PBXTargetDependency */,
			);
			fileSystemSynchronizedGroups = (
				06C9A4432D9C7CE3004CDDA4 /* EnPathOSTests */,
			);
			name = EnPathOSTests;
			packageProductDependencies = (
			);
			productName = EnPathOSTests;
			productReference = 06C9A4402D9C7CE3004CDDA4 /* EnPathOSTests.xctest */;
			productType = "com.apple.product-type.bundle.unit-test";
		};
		06C9A4492D9C7CE3004CDDA4 /* EnPathOSUITests */ = {
			isa = PBXNativeTarget;
			buildConfigurationList = 06C9A45A2D9C7CE3004CDDA4 /* Build configuration list for PBXNativeTarget "EnPathOSUITests" */;
			buildPhases = (
				06C9A4462D9C7CE3004CDDA4 /* Sources */,
				06C9A4472D9C7CE3004CDDA4 /* Frameworks */,
				06C9A4482D9C7CE3004CDDA4 /* Resources */,
			);
			buildRules = (
			);
			dependencies = (
				06C9A44C2D9C7CE3004CDDA4 /* PBXTargetDependency */,
			);
			fileSystemSynchronizedGroups = (
				06C9A44D2D9C7CE3004CDDA4 /* EnPathOSUITests */,
			);
			name = EnPathOSUITests;
			packageProductDependencies = (
			);
			productName = EnPathOSUITests;
			productReference = 06C9A44A2D9C7CE3004CDDA4 /* EnPathOSUITests.xctest */;
			productType = "com.apple.product-type.bundle.ui-testing";
		};
/* End PBXNativeTarget section */

/* Begin PBXProject section */
		06C9A4232D9C7CE0004CDDA4 /* Project object */ = {
			isa = PBXProject;
			attributes = {
				BuildIndependentTargetsInParallel = 1;
				LastSwiftUpdateCheck = 1620;
				LastUpgradeCheck = 1620;
				TargetAttributes = {
					06C9A42A2D9C7CE0004CDDA4 = {
						CreatedOnToolsVersion = 16.2;
					};
					06C9A43F2D9C7CE3004CDDA4 = {
						CreatedOnToolsVersion = 16.2;
						TestTargetID = 06C9A42A2D9C7CE0004CDDA4;
					};
					06C9A4492D9C7CE3004CDDA4 = {
						CreatedOnToolsVersion = 16.2;
						TestTargetID = 06C9A42A2D9C7CE0004CDDA4;
					};
				};
			};
			buildConfigurationList = 06C9A4262D9C7CE0004CDDA4 /* Build configuration list for PBXProject "EnPathOS" */;
			developmentRegion = en;
			hasScannedForEncodings = 0;
			knownRegions = (
				en,
				Base,
			);
			mainGroup = 06C9A4222D9C7CE0004CDDA4;
			minimizedProjectReferenceProxies = 1;
			preferredProjectObjectVersion = 77;
			productRefGroup = 06C9A42C2D9C7CE0004CDDA4 /* Products */;
			projectDirPath = "";
			projectRoot = "";
			targets = (
				06C9A42A2D9C7CE0004CDDA4 /* EnPathOS */,
				06C9A43F2D9C7CE3004CDDA4 /* EnPathOSTests */,
				06C9A4492D9C7CE3004CDDA4 /* EnPathOSUITests */,
			);
		};
/* End PBXProject section */

/* Begin PBXResourcesBuildPhase section */
		06C9A4292D9C7CE0004CDDA4 /* Resources */ = {
			isa = PBXResourcesBuildPhase;
			buildActionMask = 2147483647;
			files = (
			);
			runOnlyForDeploymentPostprocessing = 0;
		};
		06C9A43E2D9C7CE3004CDDA4 /* Resources */ = {
			isa = PBXResourcesBuildPhase;
			buildActionMask = 2147483647;
			files = (
			);
			runOnlyForDeploymentPostprocessing = 0;
		};
		06C9A4482D9C7CE3004CDDA4 /* Resources */ = {
			isa = PBXResourcesBuildPhase;
			buildActionMask = 2147483647;
			files = (
			);
			runOnlyForDeploymentPostprocessing = 0;
		};
/* End PBXResourcesBuildPhase section */

/* Begin PBXSourcesBuildPhase section */
		06C9A4272D9C7CE0004CDDA4 /* Sources */ = {
			isa = PBXSourcesBuildPhase;
			buildActionMask = 2147483647;
			files = (
			);
			runOnlyForDeploymentPostprocessing = 0;
		};
		06C9A43C2D9C7CE3004CDDA4 /* Sources */ = {
			isa = PBXSourcesBuildPhase;
			buildActionMask = 2147483647;
			files = (
			);
			runOnlyForDeploymentPostprocessing = 0;
		};
		06C9A4462D9C7CE3004CDDA4 /* Sources */ = {
			isa = PBXSourcesBuildPhase;
			buildActionMask = 2147483647;
			files = (
			);
			runOnlyForDeploymentPostprocessing = 0;
		};
/* End PBXSourcesBuildPhase section */

/* Begin PBXTargetDependency section */
		06C9A4422D9C7CE3004CDDA4 /* PBXTargetDependency */ = {
			isa = PBXTargetDependency;
			target = 06C9A42A2D9C7CE0004CDDA4 /* EnPathOS */;
			targetProxy = 06C9A4412D9C7CE3004CDDA4 /* PBXContainerItemProxy */;
		};
		06C9A44C2D9C7CE3004CDDA4 /* PBXTargetDependency */ = {
			isa = PBXTargetDependency;
			target = 06C9A42A2D9C7CE0004CDDA4 /* EnPathOS */;
			targetProxy = 06C9A44B2D9C7CE3004CDDA4 /* PBXContainerItemProxy */;
		};
/* End PBXTargetDependency section */

/* Begin XCBuildConfiguration section */
		06C9A4522D9C7CE3004CDDA4 /* Debug */ = {
			isa = XCBuildConfiguration;
			buildSettings = {
				ALWAYS_SEARCH_USER_PATHS = NO;
				ASSETCATALOG_COMPILER_GENERATE_SWIFT_ASSET_SYMBOL_EXTENSIONS = YES;
				CLANG_ANALYZER_NONNULL = YES;
				CLANG_ANALYZER_NUMBER_OBJECT_CONVERSION = YES_AGGRESSIVE;
				CLANG_CXX_LANGUAGE_STANDARD = "gnu++20";
				CLANG_ENABLE_MODULES = YES;
				CLANG_ENABLE_OBJC_ARC = YES;
				CLANG_ENABLE_OBJC_WEAK = YES;
				CLANG_WARN_BLOCK_CAPTURE_AUTORELEASING = YES;
				CLANG_WARN_BOOL_CONVERSION = YES;
				CLANG_WARN_COMMA = YES;
				CLANG_WARN_CONSTANT_CONVERSION = YES;
				CLANG_WARN_DEPRECATED_OBJC_IMPLEMENTATIONS = YES;
				CLANG_WARN_DIRECT_OBJC_ISA_USAGE = YES_ERROR;
				CLANG_WARN_DOCUMENTATION_COMMENTS = YES;
				CLANG_WARN_EMPTY_BODY = YES;
				CLANG_WARN_ENUM_CONVERSION = YES;
				CLANG_WARN_INFINITE_RECURSION = YES;
				CLANG_WARN_INT_CONVERSION = YES;
				CLANG_WARN_NON_LITERAL_NULL_CONVERSION = YES;
				CLANG_WARN_OBJC_IMPLICIT_RETAIN_SELF = YES;
				CLANG_WARN_OBJC_LITERAL_CONVERSION = YES;
				CLANG_WARN_OBJC_ROOT_CLASS = YES_ERROR;
				CLANG_WARN_QUOTED_INCLUDE_IN_FRAMEWORK_HEADER = YES;
				CLANG_WARN_RANGE_LOOP_ANALYSIS = YES;
				CLANG_WARN_STRICT_PROTOTYPES = YES;
				CLANG_WARN_SUSPICIOUS_MOVE = YES;
				CLANG_WARN_UNGUARDED_AVAILABILITY = YES_AGGRESSIVE;
				CLANG_WARN_UNREACHABLE_CODE = YES;
				CLANG_WARN__DUPLICATE_METHOD_MATCH = YES;
				COPY_PHASE_STRIP = NO;
				DEBUG_INFORMATION_FORMAT = dwarf;
				ENABLE_STRICT_OBJC_MSGSEND = YES;
				ENABLE_TESTABILITY = YES;
				ENABLE_USER_SCRIPT_SANDBOXING = YES;
				GCC_C_LANGUAGE_STANDARD = gnu17;
				GCC_DYNAMIC_NO_PIC = NO;
				GCC_NO_COMMON_BLOCKS = YES;
				GCC_OPTIMIZATION_LEVEL = 0;
				GCC_PREPROCESSOR_DEFINITIONS = (
					"DEBUG=1",
					"$(inherited)",
				);
				GCC_WARN_64_TO_32_BIT_CONVERSION = YES;
				GCC_WARN_ABOUT_RETURN_TYPE = YES_ERROR;
				GCC_WARN_UNDECLARED_SELECTOR = YES;
				GCC_WARN_UNINITIALIZED_AUTOS = YES_AGGRESSIVE;
				GCC_WARN_UNUSED_FUNCTION = YES;
				GCC_WARN_UNUSED_VARIABLE = YES;
				IPHONEOS_DEPLOYMENT_TARGET = 18.2;
				LOCALIZATION_PREFERS_STRING_CATALOGS = YES;
				MTL_ENABLE_DEBUG_INFO = INCLUDE_SOURCE;
				MTL_FAST_MATH = YES;
				ONLY_ACTIVE_ARCH = YES;
				SDKROOT = iphoneos;
				SWIFT_ACTIVE_COMPILATION_CONDITIONS = "DEBUG $(inherited)";
				SWIFT_OPTIMIZATION_LEVEL = "-Onone";
			};
			name = Debug;
		};
		06C9A4532D9C7CE3004CDDA4 /* Release */ = {
			isa = XCBuildConfiguration;
			buildSettings = {
				ALWAYS_SEARCH_USER_PATHS = NO;
				ASSETCATALOG_COMPILER_GENERATE_SWIFT_ASSET_SYMBOL_EXTENSIONS = YES;
				CLANG_ANALYZER_NONNULL = YES;
				CLANG_ANALYZER_NUMBER_OBJECT_CONVERSION = YES_AGGRESSIVE;
				CLANG_CXX_LANGUAGE_STANDARD = "gnu++20";
				CLANG_ENABLE_MODULES = YES;
				CLANG_ENABLE_OBJC_ARC = YES;
				CLANG_ENABLE_OBJC_WEAK = YES;
				CLANG_WARN_BLOCK_CAPTURE_AUTORELEASING = YES;
				CLANG_WARN_BOOL_CONVERSION = YES;
				CLANG_WARN_COMMA = YES;
				CLANG_WARN_CONSTANT_CONVERSION = YES;
				CLANG_WARN_DEPRECATED_OBJC_IMPLEMENTATIONS = YES;
				CLANG_WARN_DIRECT_OBJC_ISA_USAGE = YES_ERROR;
				CLANG_WARN_DOCUMENTATION_COMMENTS = YES;
				CLANG_WARN_EMPTY_BODY = YES;
				CLANG_WARN_ENUM_CONVERSION = YES;
				CLANG_WARN_INFINITE_RECURSION = YES;
				CLANG_WARN_INT_CONVERSION = YES;
				CLANG_WARN_NON_LITERAL_NULL_CONVERSION = YES;
				CLANG_WARN_OBJC_IMPLICIT_RETAIN_SELF = YES;
				CLANG_WARN_OBJC_LITERAL_CONVERSION = YES;
				CLANG_WARN_OBJC_ROOT_CLASS = YES_ERROR;
				CLANG_WARN_QUOTED_INCLUDE_IN_FRAMEWORK_HEADER = YES;
				CLANG_WARN_RANGE_LOOP_ANALYSIS = YES;
				CLANG_WARN_STRICT_PROTOTYPES = YES;
				CLANG_WARN_SUSPICIOUS_MOVE = YES;
				CLANG_WARN_UNGUARDED_AVAILABILITY = YES_AGGRESSIVE;
				CLANG_WARN_UNREACHABLE_CODE = YES;
				CLANG_WARN__DUPLICATE_METHOD_MATCH = YES;
				COPY_PHASE_STRIP = NO;
				DEBUG_INFORMATION_FORMAT = "dwarf-with-dsym";
				ENABLE_NS_ASSERTIONS = NO;
				ENABLE_STRICT_OBJC_MSGSEND = YES;
				ENABLE_USER_SCRIPT_SANDBOXING = YES;
				GCC_C_LANGUAGE_STANDARD = gnu17;
				GCC_NO_COMMON_BLOCKS = YES;
				GCC_WARN_64_TO_32_BIT_CONVERSION = YES;
				GCC_WARN_ABOUT_RETURN_TYPE = YES_ERROR;
				GCC_WARN_UNDECLARED_SELECTOR = YES;
				GCC_WARN_UNINITIALIZED_AUTOS = YES_AGGRESSIVE;
				GCC_WARN_UNUSED_FUNCTION = YES;
				GCC_WARN_UNUSED_VARIABLE = YES;
				IPHONEOS_DEPLOYMENT_TARGET = 18.2;
				LOCALIZATION_PREFERS_STRING_CATALOGS = YES;
				MTL_ENABLE_DEBUG_INFO = NO;
				MTL_FAST_MATH = YES;
				SDKROOT = iphoneos;
				SWIFT_COMPILATION_MODE = wholemodule;
				VALIDATE_PRODUCT = YES;
			};
			name = Release;
		};
		06C9A4552D9C7CE3004CDDA4 /* Debug */ = {
			isa = XCBuildConfiguration;
			buildSettings = {
				ASSETCATALOG_COMPILER_APPICON_NAME = AppIcon;
				ASSETCATALOG_COMPILER_GLOBAL_ACCENT_COLOR_NAME = AccentColor;
				CODE_SIGN_STYLE = Automatic;
				CURRENT_PROJECT_VERSION = 1;
				DEVELOPMENT_ASSET_PATHS = "\"EnPathOS/Preview Content\"";
				ENABLE_PREVIEWS = YES;
				GENERATE_INFOPLIST_FILE = YES;
				INFOPLIST_KEY_UIApplicationSceneManifest_Generation = YES;
				INFOPLIST_KEY_UIApplicationSupportsIndirectInputEvents = YES;
				INFOPLIST_KEY_UILaunchScreen_Generation = YES;
				INFOPLIST_KEY_UISupportedInterfaceOrientations_iPad = "UIInterfaceOrientationPortrait UIInterfaceOrientationPortraitUpsideDown UIInterfaceOrientationLandscapeLeft UIInterfaceOrientationLandscapeRight";
				INFOPLIST_KEY_UISupportedInterfaceOrientations_iPhone = "UIInterfaceOrientationPortrait UIInterfaceOrientationLandscapeLeft UIInterfaceOrientationLandscapeRight";
				LD_RUNPATH_SEARCH_PATHS = (
					"$(inherited)",
					"@executable_path/Frameworks",
				);
				MARKETING_VERSION = 1.0;
				PRODUCT_BUNDLE_IDENTIFIER = "Paco-STEM.EnPathOS";
				PRODUCT_NAME = "$(TARGET_NAME)";
				SWIFT_EMIT_LOC_STRINGS = YES;
				SWIFT_VERSION = 5.0;
				TARGETED_DEVICE_FAMILY = "1,2";
			};
			name = Debug;
		};
		06C9A4562D9C7CE3004CDDA4 /* Release */ = {
			isa = XCBuildConfiguration;
			buildSettings = {
				ASSETCATALOG_COMPILER_APPICON_NAME = AppIcon;
				ASSETCATALOG_COMPILER_GLOBAL_ACCENT_COLOR_NAME = AccentColor;
				CODE_SIGN_STYLE = Automatic;
				CURRENT_PROJECT_VERSION = 1;
				DEVELOPMENT_ASSET_PATHS = "\"EnPathOS/Preview Content\"";
				ENABLE_PREVIEWS = YES;
				GENERATE_INFOPLIST_FILE = YES;
				INFOPLIST_KEY_UIApplicationSceneManifest_Generation = YES;
				INFOPLIST_KEY_UIApplicationSupportsIndirectInputEvents = YES;
				INFOPLIST_KEY_UILaunchScreen_Generation = YES;
				INFOPLIST_KEY_UISupportedInterfaceOrientations_iPad = "UIInterfaceOrientationPortrait UIInterfaceOrientationPortraitUpsideDown UIInterfaceOrientationLandscapeLeft UIInterfaceOrientationLandscapeRight";
				INFOPLIST_KEY_UISupportedInterfaceOrientations_iPhone = "UIInterfaceOrientationPortrait UIInterfaceOrientationLandscapeLeft UIInterfaceOrientationLandscapeRight";
				LD_RUNPATH_SEARCH_PATHS = (
					"$(inherited)",
					"@executable_path/Frameworks",
				);
				MARKETING_VERSION = 1.0;
				PRODUCT_BUNDLE_IDENTIFIER = "Paco-STEM.EnPathOS";
				PRODUCT_NAME = "$(TARGET_NAME)";
				SWIFT_EMIT_LOC_STRINGS = YES;
				SWIFT_VERSION = 5.0;
				TARGETED_DEVICE_FAMILY = "1,2";
			};
			name = Release;
		};
		06C9A4582D9C7CE3004CDDA4 /* Debug */ = {
			isa = XCBuildConfiguration;
			buildSettings = {
				BUNDLE_LOADER = "$(TEST_HOST)";
				CODE_SIGN_STYLE = Automatic;
				CURRENT_PROJECT_VERSION = 1;
				GENERATE_INFOPLIST_FILE = YES;
				IPHONEOS_DEPLOYMENT_TARGET = 18.2;
				MARKETING_VERSION = 1.0;
				PRODUCT_BUNDLE_IDENTIFIER = "Paco-STEM.EnPathOSTests";
				PRODUCT_NAME = "$(TARGET_NAME)";
				SWIFT_EMIT_LOC_STRINGS = NO;
				SWIFT_VERSION = 5.0;
				TARGETED_DEVICE_FAMILY = "1,2";
				TEST_HOST = "$(BUILT_PRODUCTS_DIR)/EnPathOS.app/$(BUNDLE_EXECUTABLE_FOLDER_PATH)/EnPathOS";
			};
			name = Debug;
		};
		06C9A4592D9C7CE3004CDDA4 /* Release */ = {
			isa = XCBuildConfiguration;
			buildSettings = {
				BUNDLE_LOADER = "$(TEST_HOST)";
				CODE_SIGN_STYLE = Automatic;
				CURRENT_PROJECT_VERSION = 1;
				GENERATE_INFOPLIST_FILE = YES;
				IPHONEOS_DEPLOYMENT_TARGET = 18.2;
				MARKETING_VERSION = 1.0;
				PRODUCT_BUNDLE_IDENTIFIER = "Paco-STEM.EnPathOSTests";
				PRODUCT_NAME = "$(TARGET_NAME)";
				SWIFT_EMIT_LOC_STRINGS = NO;
				SWIFT_VERSION = 5.0;
				TARGETED_DEVICE_FAMILY = "1,2";
				TEST_HOST = "$(BUILT_PRODUCTS_DIR)/EnPathOS.app/$(BUNDLE_EXECUTABLE_FOLDER_PATH)/EnPathOS";
			};
			name = Release;
		};
		06C9A45B2D9C7CE3004CDDA4 /* Debug */ = {
			isa = XCBuildConfiguration;
			buildSettings = {
				CODE_SIGN_STYLE = Automatic;
				CURRENT_PROJECT_VERSION = 1;
				GENERATE_INFOPLIST_FILE = YES;
				MARKETING_VERSION = 1.0;
				PRODUCT_BUNDLE_IDENTIFIER = "Paco-STEM.EnPathOSUITests";
				PRODUCT_NAME = "$(TARGET_NAME)";
				SWIFT_EMIT_LOC_STRINGS = NO;
				SWIFT_VERSION = 5.0;
				TARGETED_DEVICE_FAMILY = "1,2";
				TEST_TARGET_NAME = EnPathOS;
			};
			name = Debug;
		};
		06C9A45C2D9C7CE3004CDDA4 /* Release */ = {
			isa = XCBuildConfiguration;
			buildSettings = {
				CODE_SIGN_STYLE = Automatic;
				CURRENT_PROJECT_VERSION = 1;
				GENERATE_INFOPLIST_FILE = YES;
				MARKETING_VERSION = 1.0;
				PRODUCT_BUNDLE_IDENTIFIER = "Paco-STEM.EnPathOSUITests";
				PRODUCT_NAME = "$(TARGET_NAME)";
				SWIFT_EMIT_LOC_STRINGS = NO;
				SWIFT_VERSION = 5.0;
				TARGETED_DEVICE_FAMILY = "1,2";
				TEST_TARGET_NAME = EnPathOS;
			};
			name = Release;
		};
/* End XCBuildConfiguration section */

/* Begin XCConfigurationList section */
		06C9A4262D9C7CE0004CDDA4 /* Build configuration list for PBXProject "EnPathOS" */ = {
			isa = XCConfigurationList;
			buildConfigurations = (
				06C9A4522D9C7CE3004CDDA4 /* Debug */,
				06C9A4532D9C7CE3004CDDA4 /* Release */,
			);
			defaultConfigurationIsVisible = 0;
			defaultConfigurationName = Release;
		};
		06C9A4542D9C7CE3004CDDA4 /* Build configuration list for PBXNativeTarget "EnPathOS" */ = {
			isa = XCConfigurationList;
			buildConfigurations = (
				06C9A4552D9C7CE3004CDDA4 /* Debug */,
				06C9A4562D9C7CE3004CDDA4 /* Release */,
			);
			defaultConfigurationIsVisible = 0;
			defaultConfigurationName = Release;
		};
		06C9A4572D9C7CE3004CDDA4 /* Build configuration list for PBXNativeTarget "EnPathOSTests" */ = {
			isa = XCConfigurationList;
			buildConfigurations = (
				06C9A4582D9C7CE3004CDDA4 /* Debug */,
				06C9A4592D9C7CE3004CDDA4 /* Release */,
			);
			defaultConfigurationIsVisible = 0;
			defaultConfigurationName = Release;
		};
		06C9A45A2D9C7CE3004CDDA4 /* Build configuration list for PBXNativeTarget "EnPathOSUITests" */ = {
			isa = XCConfigurationList;
			buildConfigurations = (
				06C9A45B2D9C7CE3004CDDA4 /* Debug */,
				06C9A45C2D9C7CE3004CDDA4 /* Release */,
			);
			defaultConfigurationIsVisible = 0;
			defaultConfigurationName = Release;
		};
/* End XCConfigurationList section */
	};
	rootObject = 06C9A4232D9C7CE0004CDDA4 /* Project object */;
}
